
Microsoft Visual Studio Solution File, Format Version 12.00
# Visual Studio 14
VisualStudioVersion = 14.0.24720.0
MinimumVisualStudioVersion = 10.0.40219.1
Project("{FAE04EC0-301F-11D3-BF4B-00C04F79EFBC}") = "01.CakeTycoon", "01.CakeTycoon\01.CakeTycoon.csproj", "{2A30750D-802B-4C18-AAC7-1AC14C212216}"
EndProject
Project("{FAE04EC0-301F-11D3-BF4B-00C04F79EFBC}") = "02.BeerStock", "02.BeerStock\02.BeerStock.csproj", "{9B7FCEB6-A6B7-4590-9AE2-0DB3A238CBE5}"
EndProject
Project("{FAE04EC0-301F-11D3-BF4B-00C04F79EFBC}") = "03.IlluminatiLock", "03.IlluminatiLock\03.IlluminatiLock.csproj", "{B88BAD7F-DAF6-45C5-ACCC-8577163F8258}"
EndProject
Project("{FAE04EC0-301F-11D3-BF4B-00C04F79EFBC}") = "01.ImpressTheGirlfriend", "01.ImpressTheGirlFriend\01.ImpressTheGirlfriend.csproj", "{0962EC3C-9701-4E6D-B6A9-0E76266146A9}"
EndProject
Project("{FAE04EC0-301F-11D3-BF4B-00C04F79EFBC}") = "02.TakeThePlaneDown", "02.TakeThePlaneDown\02.TakeThePlaneDown.csproj", "{82100F0C-EBA7-4FFB-A3A7-9187F5636368}"
EndProject
Project("{FAE04EC0-301F-11D3-BF4B-00C04F79EFBC}") = "03.AceOfDiamonds", "03.AceOfDiamonds\03.AceOfDiamonds.csproj", "{7031080C-3E97-4A42-B414-2075DA4A206B}"
EndProject
Project("{FAE04EC0-301F-11D3-BF4B-00C04F79EFBC}") = "01.ProspectInHospitality", "01.ProspectInHospitality\01.ProspectInHospitality.csproj", "{1A85B5A3-197B-4B68-9BF4-6537B28EBB31}"
EndProject
Project("{FAE04EC0-301F-11D3-BF4B-00C04F79EFBC}") = "02.SudokuResults", "02.SudokuResults\02.SudokuResults.csproj", "{5FC310F6-630D-4096-98BB-4AB85798B026}"
EndProject
Project("{FAE04EC0-301F-11D3-BF4B-00C04F79EFBC}") = "03.LocalElections", "03.LocalElections\03.LocalElections.csproj", "{553F127D-DB31-425C-B80D-7B55C8EB9F1E}"
EndProject
Project("{FAE04EC0-301F-11D3-BF4B-00C04F79EFBC}") = "01.BaiIvanAdventures", "01.BaiIvanAdventures\01.BaiIvanAdventures.csproj", "{62F806C1-A045-4AC8-B4FB-44841468125F}"
EndProject
Project("{FAE04EC0-301F-11D3-BF4B-00C04F79EFBC}") = "02.DrunkAni", "02.DrunkAni\02.DrunkAni.csproj", "{5BB70454-CED8-46DD-B6B8-615E71545A30}"
EndProject
Project("{FAE04EC0-301F-11D3-BF4B-00C04F79EFBC}") = "03.ChristmasTree", "03.ChristmasTree\03.ChristmasTree.csproj", "{FBCA73B4-934F-4E40-82D2-C0EE7C2BEC9B}"
EndProject
Project("{FAE04EC0-301F-11D3-BF4B-00C04F79EFBC}") = "04.PhoneProcesses", "04.PhoneProcesses\04.PhoneProcesses.csproj", "{66D491FF-B383-4A58-9B59-FE1C4DE5EF6F}"
EndProject
Project("{FAE04EC0-301F-11D3-BF4B-00C04F79EFBC}") = "03.PlaidTowel", "03.PlaidTowel\03.PlaidTowel.csproj", "{C229E4C0-C654-4FE9-BA3C-6D4F6C2653E9}"
EndProject
Project("{FAE04EC0-301F-11D3-BF4B-00C04F79EFBC}") = "01.TheBetterMusicProducer", "01.TheBetterMusicProducer\01.TheBetterMusicProducer.csproj", "{53DD68D4-94C4-4132-9E67-AE5F8F97AA39}"
EndProject
Project("{FAE04EC0-301F-11D3-BF4B-00C04F79EFBC}") = "02.GrandTheftExamo", "02.GrandTheftExamo\02.GrandTheftExamo.csproj", "{B9B769CE-10CD-43ED-9BB4-66287C6FF8B1}"
EndProject
Project("{FAE04EC0-301F-11D3-BF4B-00C04F79EFBC}") = "03.StrippedTowel", "03.StrippedTowel\03.StrippedTowel.csproj", "{2E7B8DC9-8571-4073-A7EA-E44E990AECB3}"
EndProject
Project("{FAE04EC0-301F-11D3-BF4B-00C04F79EFBC}") = "01.DailyCalorieIntake", "01.DailyCalorieIntake\01.DailyCalorieIntake.csproj", "{3728FA0D-A6CE-4A5D-83E9-AE4B3001D6A4}"
EndProject
Project("{FAE04EC0-301F-11D3-BF4B-00C04F79EFBC}") = "02.TheFootballStatician", "02.TheFootballStatician\02.TheFootballStatician.csproj", "{098DD959-76CE-4D0B-BEE3-AFAE58533B56}"
EndProject
Project("{FAE04EC0-301F-11D3-BF4B-00C04F79EFBC}") = "03.SummerTime", "03.SummerTime\03.SummerTime.csproj", "{D599D096-C361-4BD6-B3D2-9E0364C83CED}"
EndProject
Project("{FAE04EC0-301F-11D3-BF4B-00C04F79EFBC}") = "01.FourFactors", "01.FourFactors\01.FourFactors.csproj", "{95CB1EFA-28C1-43BD-963B-D9A1C1F485ED}"
EndProject
Project("{FAE04EC0-301F-11D3-BF4B-00C04F79EFBC}") = "03.KingOfThieves", "03.KingOfThieves\03.KingOfThieves.csproj", "{218673D7-C2AD-416B-B4B0-D39800595090}"
EndProject
Project("{FAE04EC0-301F-11D3-BF4B-00C04F79EFBC}") = "01.BookProblem", "01.BookProblem\01.BookProblem.csproj", "{F5AA1D2C-EB1A-4677-9FC5-04F2118A7A1F}"
EndProject
Project("{FAE04EC0-301F-11D3-BF4B-00C04F79EFBC}") = "02.ChessBoardGame", "02.ChessBoardGame\02.ChessBoardGame.csproj", "{E3A90BCD-9728-4975-8905-A99FE050B399}"
EndProject
Project("{FAE04EC0-301F-11D3-BF4B-00C04F79EFBC}") = "01.CompoundInterest", "01.CompoundInterest\01.CompoundInterest.csproj", "{845AA687-2841-4E19-9264-4A368DB9CE11}"
EndProject
Project("{FAE04EC0-301F-11D3-BF4B-00C04F79EFBC}") = "02.PetarGame", "02.PetarGame\02.PetarGame.csproj", "{CF79A6B6-2885-4AAD-A156-42D94FB1214F}"
EndProject
Project("{FAE04EC0-301F-11D3-BF4B-00C04F79EFBC}") = "03.Sunlight", "03.Sunlight\03.Sunlight.csproj", "{4B5BD9E3-45A4-4E6E-B6F1-BFA1C60DDF56}"
EndProject
Project("{FAE04EC0-301F-11D3-BF4B-00C04F79EFBC}") = "03.FallenInLove", "03.FallenInLove\03.FallenInLove.csproj", "{5599EE0F-0D16-4072-87C2-CAB0FFC365E3}"
EndProject
Project("{FAE04EC0-301F-11D3-BF4B-00C04F79EFBC}") = "01.HungryGarfield", "01.HungryGarfield\01.HungryGarfield.csproj", "{D34C9DF8-BBAB-499B-B21F-0DA84AE78B55}"
EndProject
Project("{FAE04EC0-301F-11D3-BF4B-00C04F79EFBC}") = "02.EncodedAnswers", "02.EncodedAnswers\02.EncodedAnswers.csproj", "{460FD4F5-8205-4859-918B-1EC78D510653}"
EndProject
Project("{FAE04EC0-301F-11D3-BF4B-00C04F79EFBC}") = "01.CurrencyCheck", "01.CurrencyCheck\01.CurrencyCheck.csproj", "{91A05AB3-A2D0-4AC6-BD27-615B81EC7316}"
EndProject
Project("{FAE04EC0-301F-11D3-BF4B-00C04F79EFBC}") = "03.MagicWand", "03.MagicWand\03.MagicWand.csproj", "{ED0739B4-2758-4432-8858-B21F6804C9FA}"
EndProject
Project("{FAE04EC0-301F-11D3-BF4B-00C04F79EFBC}") = "02.DreamItem", "02.DreamItem\02.DreamItem.csproj", "{AD0469B8-736C-46C0-A20F-FA192AD74E71}"
EndProject
Project("{FAE04EC0-301F-11D3-BF4B-00C04F79EFBC}") = "02.BasketBattle", "02.BasketBattle\02.BasketBattle.csproj", "{004003E3-CE65-41EE-A1D5-3493FE923424}"
EndProject
Project("{FAE04EC0-301F-11D3-BF4B-00C04F79EFBC}") = "03.DumbBells", "..\Primitive-Data-Types-Homework\17.PrintDumbBells\03.DumbBells.csproj", "{D2BCDF4E-378B-4293-ABD4-B6CD818BB9DD}"
EndProject
Project("{FAE04EC0-301F-11D3-BF4B-00C04F79EFBC}") = "01.TorrentPirate", "..\Primitive-Data-Types-Homework\15.TorrentPirate\01.TorrentPirate.csproj", "{BA5A9040-0389-46E3-8110-70EB53ED2519}"
EndProject
Project("{FAE04EC0-301F-11D3-BF4B-00C04F79EFBC}") = "02.DetectiveBoev", "02.DetectiveBoev\02.DetectiveBoev.csproj", "{39159D52-634E-4687-B42B-D212416F4769}"
EndProject
Project("{FAE04EC0-301F-11D3-BF4B-00C04F79EFBC}") = "04.EncryptedMatrix", "04.EncryptedMatrix\04.EncryptedMatrix.csproj", "{249A48B0-9DE2-4B29-B7D8-B6BD5B86BF29}"
EndProject
Project("{FAE04EC0-301F-11D3-BF4B-00C04F79EFBC}") = "04.MasterHerbalist", "04.MasterHerbalist\04.MasterHerbalist.csproj", "{11711263-2B50-4E7D-A8A0-DBA540FB0ABA}"
EndProject
Project("{FAE04EC0-301F-11D3-BF4B-00C04F79EFBC}") = "04.FireFighters", "04.FireFighters\04.FireFighters.csproj", "{5380F39A-1E8F-4727-AD84-3D98F3B38347}"
EndProject
Project("{FAE04EC0-301F-11D3-BF4B-00C04F79EFBC}") = "04.PassionDays", "04.PassionDays\04.PassionDays.csproj", "{904F7868-C067-4309-9EDA-3E53902F85B1}"
EndProject
Project("{FAE04EC0-301F-11D3-BF4B-00C04F79EFBC}") = "04.PerfectGirlfriend", "04.PerfectGirlfriend\04.PerfectGirlfriend.csproj", "{36B8D6BC-3DC1-4CAB-88CE-8126DFBDB7D6}"
EndProject
Project("{FAE04EC0-301F-11D3-BF4B-00C04F79EFBC}") = "04.TeleportPoints", "04.TeleportPoints\04.TeleportPoints.csproj", "{1E3BDF0A-320E-47CF-8F4B-AF535023C82A}"
EndProject
Project("{FAE04EC0-301F-11D3-BF4B-00C04F79EFBC}") = "01.CountBeers", "01.CountBeers\01.CountBeers.csproj", "{A82B0234-17BD-4533-B4F9-0E59BE21B5CC}"
EndProject
Project("{FAE04EC0-301F-11D3-BF4B-00C04F79EFBC}") = "04.LightTheTorcher", "04.LightTheTorcher\04.LightTheTorcher.csproj", "{3F55F0FB-F182-4C08-B0EA-9E6F08D68B63}"
EndProject
Project("{FAE04EC0-301F-11D3-BF4B-00C04F79EFBC}") = "04.ArrayMatcher", "04.ArrayMatcher\04.ArrayMatcher.csproj", "{F7D2214F-0084-4B4E-9B42-EB36C1907060}"
EndProject
Project("{FAE04EC0-301F-11D3-BF4B-00C04F79EFBC}") = "05.SaltAndPepper", "05.SaltAndPepper\05.SaltAndPepper.csproj", "{8D5EC213-0C52-4087-A5C0-F9456B2A4434}"
EndProject
Project("{FAE04EC0-301F-11D3-BF4B-00C04F79EFBC}") = "Bitwise", "Bitwise\Bitwise.csproj", "{507C9BB1-CC6A-4532-A89F-CA43535EF763}"
EndProject
Project("{FAE04EC0-301F-11D3-BF4B-00C04F79EFBC}") = "04.EncryptTheMessages", "04.EncryptTheMessages\04.EncryptTheMessages.csproj", "{9135C715-917E-4865-9CA4-17FEF65C320E}"
EndProject
Project("{FAE04EC0-301F-11D3-BF4B-00C04F79EFBC}") = "04.DecryptTheMessages", "04.DecryptTheMessages\04.DecryptTheMessages.csproj", "{2240C902-1E88-4C41-A34D-4AA43A228AD6}"
EndProject
Project("{FAE04EC0-301F-11D3-BF4B-00C04F79EFBC}") = "04.TextBombardment", "04.TextBombardment\04.TextBombardment.csproj", "{D1F21EE2-270C-478A-A59A-CC55B1D190B4}"
EndProject
Project("{FAE04EC0-301F-11D3-BF4B-00C04F79EFBC}") = "03.Boat", "03.Boat\03.Boat.csproj", "{6F88664D-A639-4263-A055-09B1100305E2}"
EndProject
Project("{FAE04EC0-301F-11D3-BF4B-00C04F79EFBC}") = "01.PiggyBank", "01.PiggyBank\01.PiggyBank.csproj", "{90B8707D-1E93-492B-9BC4-7D98EFF1A338}"
EndProject
Project("{FAE04EC0-301F-11D3-BF4B-00C04F79EFBC}") = "02.CheatSheet", "02.CheatSheet\02.CheatSheet.csproj", "{81C07461-B044-4064-B44D-21DC9053FA92}"
EndProject
Project("{FAE04EC0-301F-11D3-BF4B-00C04F79EFBC}") = "05.BitLock", "05.BitLock\05.BitLock.csproj", "{7569DC18-E286-47F1-B08A-A2871EDBC930}"
EndProject
Project("{FAE04EC0-301F-11D3-BF4B-00C04F79EFBC}") = "05.BitBuilder", "05.BitBuilder\05.BitBuilder.csproj", "{091631B3-0D34-48E1-832D-419FD188635E}"
EndProject
Project("{FAE04EC0-301F-11D3-BF4B-00C04F79EFBC}") = "03.ByteParty", "03.ByteParty\03.ByteParty.csproj", "{47312BF7-50B4-462F-84AD-9427CEF3CCB8}"
EndProject
Project("{FAE04EC0-301F-11D3-BF4B-00C04F79EFBC}") = "03.Headphones", "03.Headphones\03.Headphones.csproj", "{9432E2E3-A844-457C-86C9-E78ADCF46070}"
EndProject
Project("{FAE04EC0-301F-11D3-BF4B-00C04F79EFBC}") = "04.SpiralMatrix", "04.SpiralMatrix\04.SpiralMatrix.csproj", "{FB4B94F4-B831-42F1-A9BB-0F9501CE004B}"
EndProject
Project("{FAE04EC0-301F-11D3-BF4B-00C04F79EFBC}") = "03.RockLq", "03.RockLq\03.RockLq.csproj", "{1EFDD8CD-B722-470F-BA6A-6F29901CF92C}"
EndProject
Project("{FAE04EC0-301F-11D3-BF4B-00C04F79EFBC}") = "02.Numerology", "02.Numerology\02.Numerology.csproj", "{09377692-3403-47CF-877E-3763C7C730C7}"
EndProject
Project("{FAE04EC0-301F-11D3-BF4B-00C04F79EFBC}") = "04.Gambling", "04.Gambling\04.Gambling.csproj", "{E9055D4F-9088-4B6A-871E-8B68AACFE685}"
EndProject
Project("{FAE04EC0-301F-11D3-BF4B-00C04F79EFBC}") = "04.MagicCarNumbers", "04.MagicCarNumbers\04.MagicCarNumbers.csproj", "{0840BD2E-C3BE-4CF9-9032-66EE3E8D78AF}"
EndProject
Global
	GlobalSection(SolutionConfigurationPlatforms) = preSolution
		Debug|Any CPU = Debug|Any CPU
		Release|Any CPU = Release|Any CPU
	EndGlobalSection
	GlobalSection(ProjectConfigurationPlatforms) = postSolution
		{2A30750D-802B-4C18-AAC7-1AC14C212216}.Debug|Any CPU.ActiveCfg = Debug|Any CPU
		{2A30750D-802B-4C18-AAC7-1AC14C212216}.Debug|Any CPU.Build.0 = Debug|Any CPU
		{2A30750D-802B-4C18-AAC7-1AC14C212216}.Release|Any CPU.ActiveCfg = Release|Any CPU
		{2A30750D-802B-4C18-AAC7-1AC14C212216}.Release|Any CPU.Build.0 = Release|Any CPU
		{9B7FCEB6-A6B7-4590-9AE2-0DB3A238CBE5}.Debug|Any CPU.ActiveCfg = Debug|Any CPU
		{9B7FCEB6-A6B7-4590-9AE2-0DB3A238CBE5}.Debug|Any CPU.Build.0 = Debug|Any CPU
		{9B7FCEB6-A6B7-4590-9AE2-0DB3A238CBE5}.Release|Any CPU.ActiveCfg = Release|Any CPU
		{9B7FCEB6-A6B7-4590-9AE2-0DB3A238CBE5}.Release|Any CPU.Build.0 = Release|Any CPU
		{B88BAD7F-DAF6-45C5-ACCC-8577163F8258}.Debug|Any CPU.ActiveCfg = Debug|Any CPU
		{B88BAD7F-DAF6-45C5-ACCC-8577163F8258}.Debug|Any CPU.Build.0 = Debug|Any CPU
		{B88BAD7F-DAF6-45C5-ACCC-8577163F8258}.Release|Any CPU.ActiveCfg = Release|Any CPU
		{B88BAD7F-DAF6-45C5-ACCC-8577163F8258}.Release|Any CPU.Build.0 = Release|Any CPU
		{0962EC3C-9701-4E6D-B6A9-0E76266146A9}.Debug|Any CPU.ActiveCfg = Debug|Any CPU
		{0962EC3C-9701-4E6D-B6A9-0E76266146A9}.Debug|Any CPU.Build.0 = Debug|Any CPU
		{0962EC3C-9701-4E6D-B6A9-0E76266146A9}.Release|Any CPU.ActiveCfg = Release|Any CPU
		{0962EC3C-9701-4E6D-B6A9-0E76266146A9}.Release|Any CPU.Build.0 = Release|Any CPU
		{82100F0C-EBA7-4FFB-A3A7-9187F5636368}.Debug|Any CPU.ActiveCfg = Debug|Any CPU
		{82100F0C-EBA7-4FFB-A3A7-9187F5636368}.Debug|Any CPU.Build.0 = Debug|Any CPU
		{82100F0C-EBA7-4FFB-A3A7-9187F5636368}.Release|Any CPU.ActiveCfg = Release|Any CPU
		{82100F0C-EBA7-4FFB-A3A7-9187F5636368}.Release|Any CPU.Build.0 = Release|Any CPU
		{7031080C-3E97-4A42-B414-2075DA4A206B}.Debug|Any CPU.ActiveCfg = Debug|Any CPU
		{7031080C-3E97-4A42-B414-2075DA4A206B}.Debug|Any CPU.Build.0 = Debug|Any CPU
		{7031080C-3E97-4A42-B414-2075DA4A206B}.Release|Any CPU.ActiveCfg = Release|Any CPU
		{7031080C-3E97-4A42-B414-2075DA4A206B}.Release|Any CPU.Build.0 = Release|Any CPU
		{1A85B5A3-197B-4B68-9BF4-6537B28EBB31}.Debug|Any CPU.ActiveCfg = Debug|Any CPU
		{1A85B5A3-197B-4B68-9BF4-6537B28EBB31}.Debug|Any CPU.Build.0 = Debug|Any CPU
		{1A85B5A3-197B-4B68-9BF4-6537B28EBB31}.Release|Any CPU.ActiveCfg = Release|Any CPU
		{1A85B5A3-197B-4B68-9BF4-6537B28EBB31}.Release|Any CPU.Build.0 = Release|Any CPU
		{5FC310F6-630D-4096-98BB-4AB85798B026}.Debug|Any CPU.ActiveCfg = Debug|Any CPU
		{5FC310F6-630D-4096-98BB-4AB85798B026}.Debug|Any CPU.Build.0 = Debug|Any CPU
		{5FC310F6-630D-4096-98BB-4AB85798B026}.Release|Any CPU.ActiveCfg = Release|Any CPU
		{5FC310F6-630D-4096-98BB-4AB85798B026}.Release|Any CPU.Build.0 = Release|Any CPU
		{553F127D-DB31-425C-B80D-7B55C8EB9F1E}.Debug|Any CPU.ActiveCfg = Debug|Any CPU
		{553F127D-DB31-425C-B80D-7B55C8EB9F1E}.Debug|Any CPU.Build.0 = Debug|Any CPU
		{553F127D-DB31-425C-B80D-7B55C8EB9F1E}.Release|Any CPU.ActiveCfg = Release|Any CPU
		{553F127D-DB31-425C-B80D-7B55C8EB9F1E}.Release|Any CPU.Build.0 = Release|Any CPU
		{62F806C1-A045-4AC8-B4FB-44841468125F}.Debug|Any CPU.ActiveCfg = Debug|Any CPU
		{62F806C1-A045-4AC8-B4FB-44841468125F}.Debug|Any CPU.Build.0 = Debug|Any CPU
		{62F806C1-A045-4AC8-B4FB-44841468125F}.Release|Any CPU.ActiveCfg = Release|Any CPU
		{62F806C1-A045-4AC8-B4FB-44841468125F}.Release|Any CPU.Build.0 = Release|Any CPU
		{5BB70454-CED8-46DD-B6B8-615E71545A30}.Debug|Any CPU.ActiveCfg = Debug|Any CPU
		{5BB70454-CED8-46DD-B6B8-615E71545A30}.Debug|Any CPU.Build.0 = Debug|Any CPU
		{5BB70454-CED8-46DD-B6B8-615E71545A30}.Release|Any CPU.ActiveCfg = Release|Any CPU
		{5BB70454-CED8-46DD-B6B8-615E71545A30}.Release|Any CPU.Build.0 = Release|Any CPU
		{FBCA73B4-934F-4E40-82D2-C0EE7C2BEC9B}.Debug|Any CPU.ActiveCfg = Debug|Any CPU
		{FBCA73B4-934F-4E40-82D2-C0EE7C2BEC9B}.Debug|Any CPU.Build.0 = Debug|Any CPU
		{FBCA73B4-934F-4E40-82D2-C0EE7C2BEC9B}.Release|Any CPU.ActiveCfg = Release|Any CPU
		{FBCA73B4-934F-4E40-82D2-C0EE7C2BEC9B}.Release|Any CPU.Build.0 = Release|Any CPU
		{66D491FF-B383-4A58-9B59-FE1C4DE5EF6F}.Debug|Any CPU.ActiveCfg = Debug|Any CPU
		{66D491FF-B383-4A58-9B59-FE1C4DE5EF6F}.Debug|Any CPU.Build.0 = Debug|Any CPU
		{66D491FF-B383-4A58-9B59-FE1C4DE5EF6F}.Release|Any CPU.ActiveCfg = Release|Any CPU
		{66D491FF-B383-4A58-9B59-FE1C4DE5EF6F}.Release|Any CPU.Build.0 = Release|Any CPU
		{C229E4C0-C654-4FE9-BA3C-6D4F6C2653E9}.Debug|Any CPU.ActiveCfg = Debug|Any CPU
		{C229E4C0-C654-4FE9-BA3C-6D4F6C2653E9}.Debug|Any CPU.Build.0 = Debug|Any CPU
		{C229E4C0-C654-4FE9-BA3C-6D4F6C2653E9}.Release|Any CPU.ActiveCfg = Release|Any CPU
		{C229E4C0-C654-4FE9-BA3C-6D4F6C2653E9}.Release|Any CPU.Build.0 = Release|Any CPU
		{53DD68D4-94C4-4132-9E67-AE5F8F97AA39}.Debug|Any CPU.ActiveCfg = Debug|Any CPU
		{53DD68D4-94C4-4132-9E67-AE5F8F97AA39}.Debug|Any CPU.Build.0 = Debug|Any CPU
		{53DD68D4-94C4-4132-9E67-AE5F8F97AA39}.Release|Any CPU.ActiveCfg = Release|Any CPU
		{53DD68D4-94C4-4132-9E67-AE5F8F97AA39}.Release|Any CPU.Build.0 = Release|Any CPU
		{B9B769CE-10CD-43ED-9BB4-66287C6FF8B1}.Debug|Any CPU.ActiveCfg = Debug|Any CPU
		{B9B769CE-10CD-43ED-9BB4-66287C6FF8B1}.Debug|Any CPU.Build.0 = Debug|Any CPU
		{B9B769CE-10CD-43ED-9BB4-66287C6FF8B1}.Release|Any CPU.ActiveCfg = Release|Any CPU
		{B9B769CE-10CD-43ED-9BB4-66287C6FF8B1}.Release|Any CPU.Build.0 = Release|Any CPU
		{2E7B8DC9-8571-4073-A7EA-E44E990AECB3}.Debug|Any CPU.ActiveCfg = Debug|Any CPU
		{2E7B8DC9-8571-4073-A7EA-E44E990AECB3}.Debug|Any CPU.Build.0 = Debug|Any CPU
		{2E7B8DC9-8571-4073-A7EA-E44E990AECB3}.Release|Any CPU.ActiveCfg = Release|Any CPU
		{2E7B8DC9-8571-4073-A7EA-E44E990AECB3}.Release|Any CPU.Build.0 = Release|Any CPU
		{3728FA0D-A6CE-4A5D-83E9-AE4B3001D6A4}.Debug|Any CPU.ActiveCfg = Debug|Any CPU
		{3728FA0D-A6CE-4A5D-83E9-AE4B3001D6A4}.Debug|Any CPU.Build.0 = Debug|Any CPU
		{3728FA0D-A6CE-4A5D-83E9-AE4B3001D6A4}.Release|Any CPU.ActiveCfg = Release|Any CPU
		{3728FA0D-A6CE-4A5D-83E9-AE4B3001D6A4}.Release|Any CPU.Build.0 = Release|Any CPU
		{098DD959-76CE-4D0B-BEE3-AFAE58533B56}.Debug|Any CPU.ActiveCfg = Debug|Any CPU
		{098DD959-76CE-4D0B-BEE3-AFAE58533B56}.Debug|Any CPU.Build.0 = Debug|Any CPU
		{098DD959-76CE-4D0B-BEE3-AFAE58533B56}.Release|Any CPU.ActiveCfg = Release|Any CPU
		{098DD959-76CE-4D0B-BEE3-AFAE58533B56}.Release|Any CPU.Build.0 = Release|Any CPU
		{D599D096-C361-4BD6-B3D2-9E0364C83CED}.Debug|Any CPU.ActiveCfg = Debug|Any CPU
		{D599D096-C361-4BD6-B3D2-9E0364C83CED}.Debug|Any CPU.Build.0 = Debug|Any CPU
		{D599D096-C361-4BD6-B3D2-9E0364C83CED}.Release|Any CPU.ActiveCfg = Release|Any CPU
		{D599D096-C361-4BD6-B3D2-9E0364C83CED}.Release|Any CPU.Build.0 = Release|Any CPU
		{95CB1EFA-28C1-43BD-963B-D9A1C1F485ED}.Debug|Any CPU.ActiveCfg = Debug|Any CPU
		{95CB1EFA-28C1-43BD-963B-D9A1C1F485ED}.Debug|Any CPU.Build.0 = Debug|Any CPU
		{95CB1EFA-28C1-43BD-963B-D9A1C1F485ED}.Release|Any CPU.ActiveCfg = Release|Any CPU
		{95CB1EFA-28C1-43BD-963B-D9A1C1F485ED}.Release|Any CPU.Build.0 = Release|Any CPU
		{218673D7-C2AD-416B-B4B0-D39800595090}.Debug|Any CPU.ActiveCfg = Debug|Any CPU
		{218673D7-C2AD-416B-B4B0-D39800595090}.Debug|Any CPU.Build.0 = Debug|Any CPU
		{218673D7-C2AD-416B-B4B0-D39800595090}.Release|Any CPU.ActiveCfg = Release|Any CPU
		{218673D7-C2AD-416B-B4B0-D39800595090}.Release|Any CPU.Build.0 = Release|Any CPU
		{F5AA1D2C-EB1A-4677-9FC5-04F2118A7A1F}.Debug|Any CPU.ActiveCfg = Debug|Any CPU
		{F5AA1D2C-EB1A-4677-9FC5-04F2118A7A1F}.Debug|Any CPU.Build.0 = Debug|Any CPU
		{F5AA1D2C-EB1A-4677-9FC5-04F2118A7A1F}.Release|Any CPU.ActiveCfg = Release|Any CPU
		{F5AA1D2C-EB1A-4677-9FC5-04F2118A7A1F}.Release|Any CPU.Build.0 = Release|Any CPU
		{E3A90BCD-9728-4975-8905-A99FE050B399}.Debug|Any CPU.ActiveCfg = Debug|Any CPU
		{E3A90BCD-9728-4975-8905-A99FE050B399}.Debug|Any CPU.Build.0 = Debug|Any CPU
		{E3A90BCD-9728-4975-8905-A99FE050B399}.Release|Any CPU.ActiveCfg = Release|Any CPU
		{E3A90BCD-9728-4975-8905-A99FE050B399}.Release|Any CPU.Build.0 = Release|Any CPU
		{845AA687-2841-4E19-9264-4A368DB9CE11}.Debug|Any CPU.ActiveCfg = Debug|Any CPU
		{845AA687-2841-4E19-9264-4A368DB9CE11}.Debug|Any CPU.Build.0 = Debug|Any CPU
		{845AA687-2841-4E19-9264-4A368DB9CE11}.Release|Any CPU.ActiveCfg = Release|Any CPU
		{845AA687-2841-4E19-9264-4A368DB9CE11}.Release|Any CPU.Build.0 = Release|Any CPU
		{CF79A6B6-2885-4AAD-A156-42D94FB1214F}.Debug|Any CPU.ActiveCfg = Debug|Any CPU
		{CF79A6B6-2885-4AAD-A156-42D94FB1214F}.Debug|Any CPU.Build.0 = Debug|Any CPU
		{CF79A6B6-2885-4AAD-A156-42D94FB1214F}.Release|Any CPU.ActiveCfg = Release|Any CPU
		{CF79A6B6-2885-4AAD-A156-42D94FB1214F}.Release|Any CPU.Build.0 = Release|Any CPU
		{4B5BD9E3-45A4-4E6E-B6F1-BFA1C60DDF56}.Debug|Any CPU.ActiveCfg = Debug|Any CPU
		{4B5BD9E3-45A4-4E6E-B6F1-BFA1C60DDF56}.Debug|Any CPU.Build.0 = Debug|Any CPU
		{4B5BD9E3-45A4-4E6E-B6F1-BFA1C60DDF56}.Release|Any CPU.ActiveCfg = Release|Any CPU
		{4B5BD9E3-45A4-4E6E-B6F1-BFA1C60DDF56}.Release|Any CPU.Build.0 = Release|Any CPU
		{5599EE0F-0D16-4072-87C2-CAB0FFC365E3}.Debug|Any CPU.ActiveCfg = Debug|Any CPU
		{5599EE0F-0D16-4072-87C2-CAB0FFC365E3}.Debug|Any CPU.Build.0 = Debug|Any CPU
		{5599EE0F-0D16-4072-87C2-CAB0FFC365E3}.Release|Any CPU.ActiveCfg = Release|Any CPU
		{5599EE0F-0D16-4072-87C2-CAB0FFC365E3}.Release|Any CPU.Build.0 = Release|Any CPU
		{D34C9DF8-BBAB-499B-B21F-0DA84AE78B55}.Debug|Any CPU.ActiveCfg = Debug|Any CPU
		{D34C9DF8-BBAB-499B-B21F-0DA84AE78B55}.Debug|Any CPU.Build.0 = Debug|Any CPU
		{D34C9DF8-BBAB-499B-B21F-0DA84AE78B55}.Release|Any CPU.ActiveCfg = Release|Any CPU
		{D34C9DF8-BBAB-499B-B21F-0DA84AE78B55}.Release|Any CPU.Build.0 = Release|Any CPU
		{460FD4F5-8205-4859-918B-1EC78D510653}.Debug|Any CPU.ActiveCfg = Debug|Any CPU
		{460FD4F5-8205-4859-918B-1EC78D510653}.Debug|Any CPU.Build.0 = Debug|Any CPU
		{460FD4F5-8205-4859-918B-1EC78D510653}.Release|Any CPU.ActiveCfg = Release|Any CPU
		{460FD4F5-8205-4859-918B-1EC78D510653}.Release|Any CPU.Build.0 = Release|Any CPU
		{91A05AB3-A2D0-4AC6-BD27-615B81EC7316}.Debug|Any CPU.ActiveCfg = Debug|Any CPU
		{91A05AB3-A2D0-4AC6-BD27-615B81EC7316}.Debug|Any CPU.Build.0 = Debug|Any CPU
		{91A05AB3-A2D0-4AC6-BD27-615B81EC7316}.Release|Any CPU.ActiveCfg = Release|Any CPU
		{91A05AB3-A2D0-4AC6-BD27-615B81EC7316}.Release|Any CPU.Build.0 = Release|Any CPU
		{ED0739B4-2758-4432-8858-B21F6804C9FA}.Debug|Any CPU.ActiveCfg = Debug|Any CPU
		{ED0739B4-2758-4432-8858-B21F6804C9FA}.Debug|Any CPU.Build.0 = Debug|Any CPU
		{ED0739B4-2758-4432-8858-B21F6804C9FA}.Release|Any CPU.ActiveCfg = Release|Any CPU
		{ED0739B4-2758-4432-8858-B21F6804C9FA}.Release|Any CPU.Build.0 = Release|Any CPU
		{AD0469B8-736C-46C0-A20F-FA192AD74E71}.Debug|Any CPU.ActiveCfg = Debug|Any CPU
		{AD0469B8-736C-46C0-A20F-FA192AD74E71}.Debug|Any CPU.Build.0 = Debug|Any CPU
		{AD0469B8-736C-46C0-A20F-FA192AD74E71}.Release|Any CPU.ActiveCfg = Release|Any CPU
		{AD0469B8-736C-46C0-A20F-FA192AD74E71}.Release|Any CPU.Build.0 = Release|Any CPU
		{004003E3-CE65-41EE-A1D5-3493FE923424}.Debug|Any CPU.ActiveCfg = Debug|Any CPU
		{004003E3-CE65-41EE-A1D5-3493FE923424}.Debug|Any CPU.Build.0 = Debug|Any CPU
		{004003E3-CE65-41EE-A1D5-3493FE923424}.Release|Any CPU.ActiveCfg = Release|Any CPU
		{004003E3-CE65-41EE-A1D5-3493FE923424}.Release|Any CPU.Build.0 = Release|Any CPU
		{D2BCDF4E-378B-4293-ABD4-B6CD818BB9DD}.Debug|Any CPU.ActiveCfg = Debug|Any CPU
		{D2BCDF4E-378B-4293-ABD4-B6CD818BB9DD}.Debug|Any CPU.Build.0 = Debug|Any CPU
		{D2BCDF4E-378B-4293-ABD4-B6CD818BB9DD}.Release|Any CPU.ActiveCfg = Release|Any CPU
		{D2BCDF4E-378B-4293-ABD4-B6CD818BB9DD}.Release|Any CPU.Build.0 = Release|Any CPU
		{BA5A9040-0389-46E3-8110-70EB53ED2519}.Debug|Any CPU.ActiveCfg = Debug|Any CPU
		{BA5A9040-0389-46E3-8110-70EB53ED2519}.Debug|Any CPU.Build.0 = Debug|Any CPU
		{BA5A9040-0389-46E3-8110-70EB53ED2519}.Release|Any CPU.ActiveCfg = Release|Any CPU
		{BA5A9040-0389-46E3-8110-70EB53ED2519}.Release|Any CPU.Build.0 = Release|Any CPU
		{39159D52-634E-4687-B42B-D212416F4769}.Debug|Any CPU.ActiveCfg = Debug|Any CPU
		{39159D52-634E-4687-B42B-D212416F4769}.Debug|Any CPU.Build.0 = Debug|Any CPU
		{39159D52-634E-4687-B42B-D212416F4769}.Release|Any CPU.ActiveCfg = Release|Any CPU
		{39159D52-634E-4687-B42B-D212416F4769}.Release|Any CPU.Build.0 = Release|Any CPU
		{249A48B0-9DE2-4B29-B7D8-B6BD5B86BF29}.Debug|Any CPU.ActiveCfg = Debug|Any CPU
		{249A48B0-9DE2-4B29-B7D8-B6BD5B86BF29}.Debug|Any CPU.Build.0 = Debug|Any CPU
		{249A48B0-9DE2-4B29-B7D8-B6BD5B86BF29}.Release|Any CPU.ActiveCfg = Release|Any CPU
		{249A48B0-9DE2-4B29-B7D8-B6BD5B86BF29}.Release|Any CPU.Build.0 = Release|Any CPU
		{11711263-2B50-4E7D-A8A0-DBA540FB0ABA}.Debug|Any CPU.ActiveCfg = Debug|Any CPU
		{11711263-2B50-4E7D-A8A0-DBA540FB0ABA}.Debug|Any CPU.Build.0 = Debug|Any CPU
		{11711263-2B50-4E7D-A8A0-DBA540FB0ABA}.Release|Any CPU.ActiveCfg = Release|Any CPU
		{11711263-2B50-4E7D-A8A0-DBA540FB0ABA}.Release|Any CPU.Build.0 = Release|Any CPU
		{5380F39A-1E8F-4727-AD84-3D98F3B38347}.Debug|Any CPU.ActiveCfg = Debug|Any CPU
		{5380F39A-1E8F-4727-AD84-3D98F3B38347}.Debug|Any CPU.Build.0 = Debug|Any CPU
		{5380F39A-1E8F-4727-AD84-3D98F3B38347}.Release|Any CPU.ActiveCfg = Release|Any CPU
		{5380F39A-1E8F-4727-AD84-3D98F3B38347}.Release|Any CPU.Build.0 = Release|Any CPU
		{904F7868-C067-4309-9EDA-3E53902F85B1}.Debug|Any CPU.ActiveCfg = Debug|Any CPU
		{904F7868-C067-4309-9EDA-3E53902F85B1}.Debug|Any CPU.Build.0 = Debug|Any CPU
		{904F7868-C067-4309-9EDA-3E53902F85B1}.Release|Any CPU.ActiveCfg = Release|Any CPU
		{904F7868-C067-4309-9EDA-3E53902F85B1}.Release|Any CPU.Build.0 = Release|Any CPU
		{36B8D6BC-3DC1-4CAB-88CE-8126DFBDB7D6}.Debug|Any CPU.ActiveCfg = Debug|Any CPU
		{36B8D6BC-3DC1-4CAB-88CE-8126DFBDB7D6}.Debug|Any CPU.Build.0 = Debug|Any CPU
		{36B8D6BC-3DC1-4CAB-88CE-8126DFBDB7D6}.Release|Any CPU.ActiveCfg = Release|Any CPU
		{36B8D6BC-3DC1-4CAB-88CE-8126DFBDB7D6}.Release|Any CPU.Build.0 = Release|Any CPU
		{1E3BDF0A-320E-47CF-8F4B-AF535023C82A}.Debug|Any CPU.ActiveCfg = Debug|Any CPU
		{1E3BDF0A-320E-47CF-8F4B-AF535023C82A}.Debug|Any CPU.Build.0 = Debug|Any CPU
		{1E3BDF0A-320E-47CF-8F4B-AF535023C82A}.Release|Any CPU.ActiveCfg = Release|Any CPU
		{1E3BDF0A-320E-47CF-8F4B-AF535023C82A}.Release|Any CPU.Build.0 = Release|Any CPU
		{A82B0234-17BD-4533-B4F9-0E59BE21B5CC}.Debug|Any CPU.ActiveCfg = Debug|Any CPU
		{A82B0234-17BD-4533-B4F9-0E59BE21B5CC}.Debug|Any CPU.Build.0 = Debug|Any CPU
		{A82B0234-17BD-4533-B4F9-0E59BE21B5CC}.Release|Any CPU.ActiveCfg = Release|Any CPU
		{A82B0234-17BD-4533-B4F9-0E59BE21B5CC}.Release|Any CPU.Build.0 = Release|Any CPU
		{3F55F0FB-F182-4C08-B0EA-9E6F08D68B63}.Debug|Any CPU.ActiveCfg = Debug|Any CPU
		{3F55F0FB-F182-4C08-B0EA-9E6F08D68B63}.Debug|Any CPU.Build.0 = Debug|Any CPU
		{3F55F0FB-F182-4C08-B0EA-9E6F08D68B63}.Release|Any CPU.ActiveCfg = Release|Any CPU
		{3F55F0FB-F182-4C08-B0EA-9E6F08D68B63}.Release|Any CPU.Build.0 = Release|Any CPU
		{F7D2214F-0084-4B4E-9B42-EB36C1907060}.Debug|Any CPU.ActiveCfg = Debug|Any CPU
		{F7D2214F-0084-4B4E-9B42-EB36C1907060}.Debug|Any CPU.Build.0 = Debug|Any CPU
		{F7D2214F-0084-4B4E-9B42-EB36C1907060}.Release|Any CPU.ActiveCfg = Release|Any CPU
		{F7D2214F-0084-4B4E-9B42-EB36C1907060}.Release|Any CPU.Build.0 = Release|Any CPU
		{8D5EC213-0C52-4087-A5C0-F9456B2A4434}.Debug|Any CPU.ActiveCfg = Debug|Any CPU
		{8D5EC213-0C52-4087-A5C0-F9456B2A4434}.Debug|Any CPU.Build.0 = Debug|Any CPU
		{8D5EC213-0C52-4087-A5C0-F9456B2A4434}.Release|Any CPU.ActiveCfg = Release|Any CPU
		{8D5EC213-0C52-4087-A5C0-F9456B2A4434}.Release|Any CPU.Build.0 = Release|Any CPU
		{507C9BB1-CC6A-4532-A89F-CA43535EF763}.Debug|Any CPU.ActiveCfg = Debug|Any CPU
		{507C9BB1-CC6A-4532-A89F-CA43535EF763}.Debug|Any CPU.Build.0 = Debug|Any CPU
		{507C9BB1-CC6A-4532-A89F-CA43535EF763}.Release|Any CPU.ActiveCfg = Release|Any CPU
		{507C9BB1-CC6A-4532-A89F-CA43535EF763}.Release|Any CPU.Build.0 = Release|Any CPU
		{9135C715-917E-4865-9CA4-17FEF65C320E}.Debug|Any CPU.ActiveCfg = Debug|Any CPU
		{9135C715-917E-4865-9CA4-17FEF65C320E}.Debug|Any CPU.Build.0 = Debug|Any CPU
		{9135C715-917E-4865-9CA4-17FEF65C320E}.Release|Any CPU.ActiveCfg = Release|Any CPU
		{9135C715-917E-4865-9CA4-17FEF65C320E}.Release|Any CPU.Build.0 = Release|Any CPU
		{2240C902-1E88-4C41-A34D-4AA43A228AD6}.Debug|Any CPU.ActiveCfg = Debug|Any CPU
		{2240C902-1E88-4C41-A34D-4AA43A228AD6}.Debug|Any CPU.Build.0 = Debug|Any CPU
		{2240C902-1E88-4C41-A34D-4AA43A228AD6}.Release|Any CPU.ActiveCfg = Release|Any CPU
		{2240C902-1E88-4C41-A34D-4AA43A228AD6}.Release|Any CPU.Build.0 = Release|Any CPU
		{D1F21EE2-270C-478A-A59A-CC55B1D190B4}.Debug|Any CPU.ActiveCfg = Debug|Any CPU
		{D1F21EE2-270C-478A-A59A-CC55B1D190B4}.Debug|Any CPU.Build.0 = Debug|Any CPU
		{D1F21EE2-270C-478A-A59A-CC55B1D190B4}.Release|Any CPU.ActiveCfg = Release|Any CPU
		{D1F21EE2-270C-478A-A59A-CC55B1D190B4}.Release|Any CPU.Build.0 = Release|Any CPU
		{6F88664D-A639-4263-A055-09B1100305E2}.Debug|Any CPU.ActiveCfg = Debug|Any CPU
		{6F88664D-A639-4263-A055-09B1100305E2}.Debug|Any CPU.Build.0 = Debug|Any CPU
		{6F88664D-A639-4263-A055-09B1100305E2}.Release|Any CPU.ActiveCfg = Release|Any CPU
		{6F88664D-A639-4263-A055-09B1100305E2}.Release|Any CPU.Build.0 = Release|Any CPU
		{90B8707D-1E93-492B-9BC4-7D98EFF1A338}.Debug|Any CPU.ActiveCfg = Debug|Any CPU
		{90B8707D-1E93-492B-9BC4-7D98EFF1A338}.Debug|Any CPU.Build.0 = Debug|Any CPU
		{90B8707D-1E93-492B-9BC4-7D98EFF1A338}.Release|Any CPU.ActiveCfg = Release|Any CPU
		{90B8707D-1E93-492B-9BC4-7D98EFF1A338}.Release|Any CPU.Build.0 = Release|Any CPU
		{81C07461-B044-4064-B44D-21DC9053FA92}.Debug|Any CPU.ActiveCfg = Debug|Any CPU
		{81C07461-B044-4064-B44D-21DC9053FA92}.Debug|Any CPU.Build.0 = Debug|Any CPU
		{81C07461-B044-4064-B44D-21DC9053FA92}.Release|Any CPU.ActiveCfg = Release|Any CPU
		{81C07461-B044-4064-B44D-21DC9053FA92}.Release|Any CPU.Build.0 = Release|Any CPU
		{7569DC18-E286-47F1-B08A-A2871EDBC930}.Debug|Any CPU.ActiveCfg = Debug|Any CPU
		{7569DC18-E286-47F1-B08A-A2871EDBC930}.Debug|Any CPU.Build.0 = Debug|Any CPU
		{7569DC18-E286-47F1-B08A-A2871EDBC930}.Release|Any CPU.ActiveCfg = Release|Any CPU
		{7569DC18-E286-47F1-B08A-A2871EDBC930}.Release|Any CPU.Build.0 = Release|Any CPU
		{091631B3-0D34-48E1-832D-419FD188635E}.Debug|Any CPU.ActiveCfg = Debug|Any CPU
		{091631B3-0D34-48E1-832D-419FD188635E}.Debug|Any CPU.Build.0 = Debug|Any CPU
		{091631B3-0D34-48E1-832D-419FD188635E}.Release|Any CPU.ActiveCfg = Release|Any CPU
		{091631B3-0D34-48E1-832D-419FD188635E}.Release|Any CPU.Build.0 = Release|Any CPU
		{47312BF7-50B4-462F-84AD-9427CEF3CCB8}.Debug|Any CPU.ActiveCfg = Debug|Any CPU
		{47312BF7-50B4-462F-84AD-9427CEF3CCB8}.Debug|Any CPU.Build.0 = Debug|Any CPU
		{47312BF7-50B4-462F-84AD-9427CEF3CCB8}.Release|Any CPU.ActiveCfg = Release|Any CPU
		{47312BF7-50B4-462F-84AD-9427CEF3CCB8}.Release|Any CPU.Build.0 = Release|Any CPU
		{9432E2E3-A844-457C-86C9-E78ADCF46070}.Debug|Any CPU.ActiveCfg = Debug|Any CPU
		{9432E2E3-A844-457C-86C9-E78ADCF46070}.Debug|Any CPU.Build.0 = Debug|Any CPU
		{9432E2E3-A844-457C-86C9-E78ADCF46070}.Release|Any CPU.ActiveCfg = Release|Any CPU
		{9432E2E3-A844-457C-86C9-E78ADCF46070}.Release|Any CPU.Build.0 = Release|Any CPU
		{FB4B94F4-B831-42F1-A9BB-0F9501CE004B}.Debug|Any CPU.ActiveCfg = Debug|Any CPU
		{FB4B94F4-B831-42F1-A9BB-0F9501CE004B}.Debug|Any CPU.Build.0 = Debug|Any CPU
		{FB4B94F4-B831-42F1-A9BB-0F9501CE004B}.Release|Any CPU.ActiveCfg = Release|Any CPU
		{FB4B94F4-B831-42F1-A9BB-0F9501CE004B}.Release|Any CPU.Build.0 = Release|Any CPU
		{1EFDD8CD-B722-470F-BA6A-6F29901CF92C}.Debug|Any CPU.ActiveCfg = Debug|Any CPU
		{1EFDD8CD-B722-470F-BA6A-6F29901CF92C}.Debug|Any CPU.Build.0 = Debug|Any CPU
		{1EFDD8CD-B722-470F-BA6A-6F29901CF92C}.Release|Any CPU.ActiveCfg = Release|Any CPU
		{1EFDD8CD-B722-470F-BA6A-6F29901CF92C}.Release|Any CPU.Build.0 = Release|Any CPU
		{09377692-3403-47CF-877E-3763C7C730C7}.Debug|Any CPU.ActiveCfg = Debug|Any CPU
		{09377692-3403-47CF-877E-3763C7C730C7}.Debug|Any CPU.Build.0 = Debug|Any CPU
		{09377692-3403-47CF-877E-3763C7C730C7}.Release|Any CPU.ActiveCfg = Release|Any CPU
		{09377692-3403-47CF-877E-3763C7C730C7}.Release|Any CPU.Build.0 = Release|Any CPU
		{E9055D4F-9088-4B6A-871E-8B68AACFE685}.Debug|Any CPU.ActiveCfg = Debug|Any CPU
		{E9055D4F-9088-4B6A-871E-8B68AACFE685}.Debug|Any CPU.Build.0 = Debug|Any CPU
		{E9055D4F-9088-4B6A-871E-8B68AACFE685}.Release|Any CPU.ActiveCfg = Release|Any CPU
		{E9055D4F-9088-4B6A-871E-8B68AACFE685}.Release|Any CPU.Build.0 = Release|Any CPU
		{0840BD2E-C3BE-4CF9-9032-66EE3E8D78AF}.Debug|Any CPU.ActiveCfg = Debug|Any CPU
		{0840BD2E-C3BE-4CF9-9032-66EE3E8D78AF}.Debug|Any CPU.Build.0 = Debug|Any CPU
		{0840BD2E-C3BE-4CF9-9032-66EE3E8D78AF}.Release|Any CPU.ActiveCfg = Release|Any CPU
		{0840BD2E-C3BE-4CF9-9032-66EE3E8D78AF}.Release|Any CPU.Build.0 = Release|Any CPU
	EndGlobalSection
	GlobalSection(SolutionProperties) = preSolution
		HideSolutionNode = FALSE
	EndGlobalSection
EndGlobal
